Microsoft Visual Studio Solution File, Format Version 10.00
# Visual Studio 2008

Project("{523EE822-4BFD-0E1D-A198-976B4DA155A1}") = "UnityAwesomiumProject", "UnityAwesomiumProject.csproj", "{3612D4E3-A6BC-89E0-C89D-57AC61FBB489}"
EndProject
Global
	GlobalSection(SolutionConfigurationPlatforms) = preSolution
		Debug|Any CPU = Debug|Any CPU
		Release|Any CPU = Release|Any CPU
	EndGlobalSection
	GlobalSection(ProjectConfigurationPlatforms) = postSolution
		{3612D4E3-A6BC-89E0-C89D-57AC61FBB489}.Debug|Any CPU.ActiveCfg = Debug|Any CPU
		{3612D4E3-A6BC-89E0-C89D-57AC61FBB489}.Debug|Any CPU.Build.0 = Debug|Any CPU
		{3612D4E3-A6BC-89E0-C89D-57AC61FBB489}.Release|Any CPU.ActiveCfg = Release|Any CPU
		{3612D4E3-A6BC-89E0-C89D-57AC61FBB489}.Release|Any CPU.Build.0 = Release|Any CPU
	EndGlobalSection
	GlobalSection(SolutionProperties) = preSolution
		HideSolutionNode = FALSE
	EndGlobalSection
	
EndGlobal
